
Microsoft Visual Studio Solution File, Format Version 12.00
# Visual Studio Version 17
VisualStudioVersion = 17.0.31919.166
MinimumVisualStudioVersion = 10.0.40219.1
Project("{E53339B2-1760-4266-BCC7-CA923CBCF16C}") = "docker-compose", "docker-compose.dcproj", "{09FB2D3A-9C59-43D2-93AC-C39ADEB7DF42}"
EndProject
Project("{9A19103F-16F7-4668-BE54-9A1E7A4F7556}") = "UI", "UI\UI.csproj", "{E6FCDA8D-B9B5-4186-8535-34B30EF691E5}"
EndProject
Project("{9A19103F-16F7-4668-BE54-9A1E7A4F7556}") = "CommonLibrary", "CommonLibrary\CommonLibrary.csproj", "{2EEEF29E-03E8-4E3C-87ED-5F1D0912ED85}"
EndProject
Project("{9A19103F-16F7-4668-BE54-9A1E7A4F7556}") = "ApiLibrary", "ApiLibrary\ApiLibrary.csproj", "{B7634473-74B0-43DE-903B-613D50588039}"
EndProject
Project("{9A19103F-16F7-4668-BE54-9A1E7A4F7556}") = "API", "API\API.csproj", "{D374389A-212B-4C7C-92AC-AEF066030997}"
EndProject
Global
	GlobalSection(SolutionConfigurationPlatforms) = preSolution
		Debug|Any CPU = Debug|Any CPU
		Release|Any CPU = Release|Any CPU
	EndGlobalSection
	GlobalSection(ProjectConfigurationPlatforms) = postSolution
		{09FB2D3A-9C59-43D2-93AC-C39ADEB7DF42}.Debug|Any CPU.ActiveCfg = Debug|Any CPU
		{09FB2D3A-9C59-43D2-93AC-C39ADEB7DF42}.Debug|Any CPU.Build.0 = Debug|Any CPU
		{09FB2D3A-9C59-43D2-93AC-C39ADEB7DF42}.Release|Any CPU.ActiveCfg = Release|Any CPU
		{09FB2D3A-9C59-43D2-93AC-C39ADEB7DF42}.Release|Any CPU.Build.0 = Release|Any CPU
		{E6FCDA8D-B9B5-4186-8535-34B30EF691E5}.Debug|Any CPU.ActiveCfg = Debug|Any CPU
		{E6FCDA8D-B9B5-4186-8535-34B30EF691E5}.Debug|Any CPU.Build.0 = Debug|Any CPU
		{E6FCDA8D-B9B5-4186-8535-34B30EF691E5}.Release|Any CPU.ActiveCfg = Release|Any CPU
		{E6FCDA8D-B9B5-4186-8535-34B30EF691E5}.Release|Any CPU.Build.0 = Release|Any CPU
		{2EEEF29E-03E8-4E3C-87ED-5F1D0912ED85}.Debug|Any CPU.ActiveCfg = Debug|Any CPU
		{2EEEF29E-03E8-4E3C-87ED-5F1D0912ED85}.Debug|Any CPU.Build.0 = Debug|Any CPU
		{2EEEF29E-03E8-4E3C-87ED-5F1D0912ED85}.Release|Any CPU.ActiveCfg = Release|Any CPU
		{2EEEF29E-03E8-4E3C-87ED-5F1D0912ED85}.Release|Any CPU.Build.0 = Release|Any CPU
		{B7634473-74B0-43DE-903B-613D50588039}.Debug|Any CPU.ActiveCfg = Debug|Any CPU
		{B7634473-74B0-43DE-903B-613D50588039}.Debug|Any CPU.Build.0 = Debug|Any CPU
		{B7634473-74B0-43DE-903B-613D50588039}.Release|Any CPU.ActiveCfg = Release|Any CPU
		{B7634473-74B0-43DE-903B-613D50588039}.Release|Any CPU.Build.0 = Release|Any CPU
		{D374389A-212B-4C7C-92AC-AEF066030997}.Debug|Any CPU.ActiveCfg = Debug|Any CPU
		{D374389A-212B-4C7C-92AC-AEF066030997}.Debug|Any CPU.Build.0 = Debug|Any CPU
		{D374389A-212B-4C7C-92AC-AEF066030997}.Release|Any CPU.ActiveCfg = Release|Any CPU
		{D374389A-212B-4C7C-92AC-AEF066030997}.Release|Any CPU.Build.0 = Release|Any CPU
	EndGlobalSection
	GlobalSection(SolutionProperties) = preSolution
		HideSolutionNode = FALSE
	EndGlobalSection
	GlobalSection(ExtensibilityGlobals) = postSolution
		SolutionGuid = {7E170F55-C571-4F1A-80A2-7D41D81080A0}
	EndGlobalSection
EndGlobal
